{
  "version": 4,
  "terraform_version": "1.14.4",
  "serial": 33,
  "lineage": "483a98a1-689b-427a-efcc-c107a4977e40",
  "outputs": {
    "asia_ip": {
      "value": "18.143.210.43",
      "type": "string"
    },
    "eu_ip": {
      "value": "54.246.209.77",
      "type": "string"
    },
    "sa_ip": {
      "value": "18.228.141.239",
      "type": "string"
    },
    "us_ip": {
      "value": "98.94.249.238",
      "type": "string"
    }
  },
  "resources": [
    {
      "mode": "data",
      "type": "aws_ami",
      "name": "ubuntu_asia",
      "provider": "provider[\"registry.terraform.io/hashicorp/aws\"].asia",
      "instances": [
        {
          "schema_version": 0,
          "attributes": {
            "architecture": "x86_64",
            "arn": "arn:aws:ec2:ap-southeast-1::image/ami-0b63ddeab4f8a92db",
            "block_device_mappings": [
              {
                "device_name": "/dev/sda1",
                "ebs": {
                  "delete_on_termination": "true",
                  "encrypted": "false",
                  "iops": "0",
                  "snapshot_id": "snap-07a16f1514a909aed",
                  "throughput": "0",
                  "volume_initialization_rate": "0",
                  "volume_size": "8",
                  "volume_type": "gp2"
                },
                "no_device": "",
                "virtual_name": ""
              },
              {
                "device_name": "/dev/sdb",
                "ebs": {},
                "no_device": "",
                "virtual_name": "ephemeral0"
              },
              {
                "device_name": "/dev/sdc",
                "ebs": {},
                "no_device": "",
                "virtual_name": "ephemeral1"
              }
            ],
            "boot_mode": "uefi-preferred",
            "creation_date": "2026-04-24T07:03:12.000Z",
            "deprecation_time": "2028-04-24T07:03:12.000Z",
            "description": "Canonical, Ubuntu, 22.04, amd64 jammy image",
            "ena_support": true,
            "executable_users": null,
            "filter": [
              {
                "name": "name",
                "values": [
                  "ubuntu/images/hvm-ssd/ubuntu-jammy-22.04-amd64-server-*"
                ]
              },
              {
                "name": "virtualization-type",
                "values": [
                  "hvm"
                ]
              }
            ],
            "hypervisor": "xen",
            "id": "ami-0b63ddeab4f8a92db",
            "image_id": "ami-0b63ddeab4f8a92db",
            "image_location": "amazon/ubuntu/images/hvm-ssd/ubuntu-jammy-22.04-amd64-server-20260424",
            "image_owner_alias": "amazon",
            "image_type": "machine",
            "imds_support": "",
            "include_deprecated": false,
            "kernel_id": "",
            "last_launched_time": "",
            "most_recent": true,
            "name": "ubuntu/images/hvm-ssd/ubuntu-jammy-22.04-amd64-server-20260424",
            "name_regex": null,
            "owner_id": "099720109477",
            "owners": [
              "099720109477"
            ],
            "platform": "",
            "platform_details": "Linux/UNIX",
            "product_codes": [],
            "public": true,
            "ramdisk_id": "",
            "root_device_name": "/dev/sda1",
            "root_device_type": "ebs",
            "root_snapshot_id": "snap-07a16f1514a909aed",
            "sriov_net_support": "simple",
            "state": "available",
            "state_reason": {
              "code": "UNSET",
              "message": "UNSET"
            },
            "tags": {},
            "timeouts": null,
            "tpm_support": "",
            "uefi_data": null,
            "usage_operation": "RunInstances",
            "virtualization_type": "hvm"
          },
          "sensitive_attributes": [],
          "identity_schema_version": 0
        }
      ]
    },
    {
      "mode": "data",
      "type": "aws_ami",
      "name": "ubuntu_eu",
      "provider": "provider[\"registry.terraform.io/hashicorp/aws\"].eu",
      "instances": [
        {
          "schema_version": 0,
          "attributes": {
            "architecture": "x86_64",
            "arn": "arn:aws:ec2:eu-west-1::image/ami-06baa42b2e92978d7",
            "block_device_mappings": [
              {
                "device_name": "/dev/sda1",
                "ebs": {
                  "delete_on_termination": "true",
                  "encrypted": "false",
                  "iops": "0",
                  "snapshot_id": "snap-0bb4ff970c06cf5f6",
                  "throughput": "0",
                  "volume_initialization_rate": "0",
                  "volume_size": "8",
                  "volume_type": "gp2"
                },
                "no_device": "",
                "virtual_name": ""
              },
              {
                "device_name": "/dev/sdb",
                "ebs": {},
                "no_device": "",
                "virtual_name": "ephemeral0"
              },
              {
                "device_name": "/dev/sdc",
                "ebs": {},
                "no_device": "",
                "virtual_name": "ephemeral1"
              }
            ],
            "boot_mode": "uefi-preferred",
            "creation_date": "2026-04-24T07:02:59.000Z",
            "deprecation_time": "2028-04-24T07:02:59.000Z",
            "description": "Canonical, Ubuntu, 22.04, amd64 jammy image",
            "ena_support": true,
            "executable_users": null,
            "filter": [
              {
                "name": "name",
                "values": [
                  "ubuntu/images/hvm-ssd/ubuntu-jammy-22.04-amd64-server-*"
                ]
              },
              {
                "name": "virtualization-type",
                "values": [
                  "hvm"
                ]
              }
            ],
            "hypervisor": "xen",
            "id": "ami-06baa42b2e92978d7",
            "image_id": "ami-06baa42b2e92978d7",
            "image_location": "amazon/ubuntu/images/hvm-ssd/ubuntu-jammy-22.04-amd64-server-20260424",
            "image_owner_alias": "amazon",
            "image_type": "machine",
            "imds_support": "",
            "include_deprecated": false,
            "kernel_id": "",
            "last_launched_time": "",
            "most_recent": true,
            "name": "ubuntu/images/hvm-ssd/ubuntu-jammy-22.04-amd64-server-20260424",
            "name_regex": null,
            "owner_id": "099720109477",
            "owners": [
              "099720109477"
            ],
            "platform": "",
            "platform_details": "Linux/UNIX",
            "product_codes": [],
            "public": true,
            "ramdisk_id": "",
            "root_device_name": "/dev/sda1",
            "root_device_type": "ebs",
            "root_snapshot_id": "snap-0bb4ff970c06cf5f6",
            "sriov_net_support": "simple",
            "state": "available",
            "state_reason": {
              "code": "UNSET",
              "message": "UNSET"
            },
            "tags": {},
            "timeouts": null,
            "tpm_support": "",
            "uefi_data": null,
            "usage_operation": "RunInstances",
            "virtualization_type": "hvm"
          },
          "sensitive_attributes": [],
          "identity_schema_version": 0
        }
      ]
    },
    {
      "mode": "data",
      "type": "aws_ami",
      "name": "ubuntu_sa",
      "provider": "provider[\"registry.terraform.io/hashicorp/aws\"].sa",
      "instances": [
        {
          "schema_version": 0,
          "attributes": {
            "architecture": "x86_64",
            "arn": "arn:aws:ec2:sa-east-1::image/ami-046979544cd9e3d7b",
            "block_device_mappings": [
              {
                "device_name": "/dev/sda1",
                "ebs": {
                  "delete_on_termination": "true",
                  "encrypted": "false",
                  "iops": "0",
                  "snapshot_id": "snap-02929ec6aa8383789",
                  "throughput": "0",
                  "volume_initialization_rate": "0",
                  "volume_size": "8",
                  "volume_type": "gp2"
                },
                "no_device": "",
                "virtual_name": ""
              },
              {
                "device_name": "/dev/sdb",
                "ebs": {},
                "no_device": "",
                "virtual_name": "ephemeral0"
              },
              {
                "device_name": "/dev/sdc",
                "ebs": {},
                "no_device": "",
                "virtual_name": "ephemeral1"
              }
            ],
            "boot_mode": "uefi-preferred",
            "creation_date": "2026-04-24T07:03:07.000Z",
            "deprecation_time": "2028-04-24T07:03:07.000Z",
            "description": "Canonical, Ubuntu, 22.04, amd64 jammy image",
            "ena_support": true,
            "executable_users": null,
            "filter": [
              {
                "name": "name",
                "values": [
                  "ubuntu/images/hvm-ssd/ubuntu-jammy-22.04-amd64-server-*"
                ]
              },
              {
                "name": "virtualization-type",
                "values": [
                  "hvm"
                ]
              }
            ],
            "hypervisor": "xen",
            "id": "ami-046979544cd9e3d7b",
            "image_id": "ami-046979544cd9e3d7b",
            "image_location": "amazon/ubuntu/images/hvm-ssd/ubuntu-jammy-22.04-amd64-server-20260424",
            "image_owner_alias": "amazon",
            "image_type": "machine",
            "imds_support": "",
            "include_deprecated": false,
            "kernel_id": "",
            "last_launched_time": "",
            "most_recent": true,
            "name": "ubuntu/images/hvm-ssd/ubuntu-jammy-22.04-amd64-server-20260424",
            "name_regex": null,
            "owner_id": "099720109477",
            "owners": [
              "099720109477"
            ],
            "platform": "",
            "platform_details": "Linux/UNIX",
            "product_codes": [],
            "public": true,
            "ramdisk_id": "",
            "root_device_name": "/dev/sda1",
            "root_device_type": "ebs",
            "root_snapshot_id": "snap-02929ec6aa8383789",
            "sriov_net_support": "simple",
            "state": "available",
            "state_reason": {
              "code": "UNSET",
              "message": "UNSET"
            },
            "tags": {},
            "timeouts": null,
            "tpm_support": "",
            "uefi_data": null,
            "usage_operation": "RunInstances",
            "virtualization_type": "hvm"
          },
          "sensitive_attributes": [],
          "identity_schema_version": 0
        }
      ]
    },
    {
      "mode": "data",
      "type": "aws_ami",
      "name": "ubuntu_us",
      "provider": "provider[\"registry.terraform.io/hashicorp/aws\"].us",
      "instances": [
        {
          "schema_version": 0,
          "attributes": {
            "architecture": "x86_64",
            "arn": "arn:aws:ec2:us-east-1::image/ami-0ff290337e78c83bf",
            "block_device_mappings": [
              {
                "device_name": "/dev/sda1",
                "ebs": {
                  "delete_on_termination": "true",
                  "encrypted": "false",
                  "iops": "0",
                  "snapshot_id": "snap-0d1858b8abbceb1e2",
                  "throughput": "0",
                  "volume_initialization_rate": "0",
                  "volume_size": "8",
                  "volume_type": "gp2"
                },
                "no_device": "",
                "virtual_name": ""
              },
              {
                "device_name": "/dev/sdb",
                "ebs": {},
                "no_device": "",
                "virtual_name": "ephemeral0"
              },
              {
                "device_name": "/dev/sdc",
                "ebs": {},
                "no_device": "",
                "virtual_name": "ephemeral1"
              }
            ],
            "boot_mode": "uefi-preferred",
            "creation_date": "2026-04-24T07:03:19.000Z",
            "deprecation_time": "2028-04-24T07:03:19.000Z",
            "description": "Canonical, Ubuntu, 22.04, amd64 jammy image",
            "ena_support": true,
            "executable_users": null,
            "filter": [
              {
                "name": "name",
                "values": [
                  "ubuntu/images/hvm-ssd/ubuntu-jammy-22.04-amd64-server-*"
                ]
              },
              {
                "name": "virtualization-type",
                "values": [
                  "hvm"
                ]
              }
            ],
            "hypervisor": "xen",
            "id": "ami-0ff290337e78c83bf",
            "image_id": "ami-0ff290337e78c83bf",
            "image_location": "amazon/ubuntu/images/hvm-ssd/ubuntu-jammy-22.04-amd64-server-20260424",
            "image_owner_alias": "amazon",
            "image_type": "machine",
            "imds_support": "",
            "include_deprecated": false,
            "kernel_id": "",
            "last_launched_time": "",
            "most_recent": true,
            "name": "ubuntu/images/hvm-ssd/ubuntu-jammy-22.04-amd64-server-20260424",
            "name_regex": null,
            "owner_id": "099720109477",
            "owners": [
              "099720109477"
            ],
            "platform": "",
            "platform_details": "Linux/UNIX",
            "product_codes": [],
            "public": true,
            "ramdisk_id": "",
            "root_device_name": "/dev/sda1",
            "root_device_type": "ebs",
            "root_snapshot_id": "snap-0d1858b8abbceb1e2",
            "sriov_net_support": "simple",
            "state": "available",
            "state_reason": {
              "code": "UNSET",
              "message": "UNSET"
            },
            "tags": {},
            "timeouts": null,
            "tpm_support": "",
            "uefi_data": null,
            "usage_operation": "RunInstances",
            "virtualization_type": "hvm"
          },
          "sensitive_attributes": [],
          "identity_schema_version": 0
        }
      ]
    },
    {
      "mode": "managed",
      "type": "aws_eip",
      "name": "levpn_asia",
      "provider": "provider[\"registry.terraform.io/hashicorp/aws\"].asia",
      "instances": [
        {
          "schema_version": 0,
          "attributes": {
            "address": null,
            "allocation_id": "eipalloc-034766565c2993a90",
            "arn": "arn:aws:ec2:ap-southeast-1:659125779559:elastic-ip/eipalloc-034766565c2993a90",
            "associate_with_private_ip": null,
            "association_id": "eipassoc-023c76c5c04c8adb2",
            "carrier_ip": "",
            "customer_owned_ip": "",
            "customer_owned_ipv4_pool": "",
            "domain": "vpc",
            "id": "eipalloc-034766565c2993a90",
            "instance": "i-0e1bdec22ae05156c",
            "ipam_pool_id": null,
            "network_border_group": "ap-southeast-1",
            "network_interface": "eni-0c3f647e4dcee496f",
            "private_dns": "ip-172-31-31-81.ap-southeast-1.compute.internal",
            "private_ip": "172.31.31.81",
            "ptr_record": "",
            "public_dns": "ec2-18-143-210-43.ap-southeast-1.compute.amazonaws.com",
            "public_ip": "18.143.210.43",
            "public_ipv4_pool": "amazon",
            "tags": {},
            "tags_all": {},
            "timeouts": null,
            "vpc": true
          },
          "sensitive_attributes": [],
          "identity_schema_version": 0,
          "private": "eyJlMmJmYjczMC1lY2FhLTExZTYtOGY4OC0zNDM2M2JjN2M0YzAiOnsiZGVsZXRlIjoxODAwMDAwMDAwMDAsInJlYWQiOjkwMDAwMDAwMDAwMCwidXBkYXRlIjozMDAwMDAwMDAwMDB9fQ==",
          "dependencies": [
            "aws_instance.levpn_asia",
            "aws_key_pair.levpn_asia",
            "aws_security_group.levpn_asia",
            "data.aws_ami.ubuntu_asia"
          ]
        }
      ]
    },
    {
      "mode": "managed",
      "type": "aws_eip",
      "name": "levpn_eu",
      "provider": "provider[\"registry.terraform.io/hashicorp/aws\"].eu",
      "instances": [
        {
          "schema_version": 0,
          "attributes": {
            "address": null,
            "allocation_id": "eipalloc-03fdbaee49f329336",
            "arn": "arn:aws:ec2:eu-west-1:659125779559:elastic-ip/eipalloc-03fdbaee49f329336",
            "associate_with_private_ip": null,
            "association_id": "eipassoc-0892d0f46e781a5b7",
            "carrier_ip": "",
            "customer_owned_ip": "",
            "customer_owned_ipv4_pool": "",
            "domain": "vpc",
            "id": "eipalloc-03fdbaee49f329336",
            "instance": "i-086b1b610c5184bd0",
            "ipam_pool_id": null,
            "network_border_group": "eu-west-1",
            "network_interface": "eni-01aae5a7ca3cf0866",
            "private_dns": "ip-172-31-12-120.eu-west-1.compute.internal",
            "private_ip": "172.31.12.120",
            "ptr_record": "",
            "public_dns": "ec2-54-246-209-77.eu-west-1.compute.amazonaws.com",
            "public_ip": "54.246.209.77",
            "public_ipv4_pool": "amazon",
            "tags": {},
            "tags_all": {},
            "timeouts": null,
            "vpc": true
          },
          "sensitive_attributes": [],
          "identity_schema_version": 0,
          "private": "eyJlMmJmYjczMC1lY2FhLTExZTYtOGY4OC0zNDM2M2JjN2M0YzAiOnsiZGVsZXRlIjoxODAwMDAwMDAwMDAsInJlYWQiOjkwMDAwMDAwMDAwMCwidXBkYXRlIjozMDAwMDAwMDAwMDB9fQ==",
          "dependencies": [
            "aws_instance.levpn_eu",
            "aws_key_pair.levpn_eu",
            "aws_security_group.levpn_eu",
            "data.aws_ami.ubuntu_eu"
          ]
        }
      ]
    },
    {
      "mode": "managed",
      "type": "aws_eip",
      "name": "levpn_sa",
      "provider": "provider[\"registry.terraform.io/hashicorp/aws\"].sa",
      "instances": [
        {
          "schema_version": 0,
          "attributes": {
            "address": null,
            "allocation_id": "eipalloc-0bd9e3ed143305cce",
            "arn": "arn:aws:ec2:sa-east-1:659125779559:elastic-ip/eipalloc-0bd9e3ed143305cce",
            "associate_with_private_ip": null,
            "association_id": "eipassoc-0f76e2c7b9828305e",
            "carrier_ip": "",
            "customer_owned_ip": "",
            "customer_owned_ipv4_pool": "",
            "domain": "vpc",
            "id": "eipalloc-0bd9e3ed143305cce",
            "instance": "i-0e77e8882fd8425aa",
            "ipam_pool_id": null,
            "network_border_group": "sa-east-1",
            "network_interface": "eni-0aceb0648ba91cb59",
            "private_dns": "ip-172-31-33-119.sa-east-1.compute.internal",
            "private_ip": "172.31.33.119",
            "ptr_record": "",
            "public_dns": "ec2-18-228-141-239.sa-east-1.compute.amazonaws.com",
            "public_ip": "18.228.141.239",
            "public_ipv4_pool": "amazon",
            "tags": {},
            "tags_all": {},
            "timeouts": null,
            "vpc": true
          },
          "sensitive_attributes": [],
          "identity_schema_version": 0,
          "private": "eyJlMmJmYjczMC1lY2FhLTExZTYtOGY4OC0zNDM2M2JjN2M0YzAiOnsiZGVsZXRlIjoxODAwMDAwMDAwMDAsInJlYWQiOjkwMDAwMDAwMDAwMCwidXBkYXRlIjozMDAwMDAwMDAwMDB9fQ==",
          "dependencies": [
            "aws_instance.levpn_sa",
            "aws_key_pair.levpn_sa",
            "aws_security_group.levpn_sa",
            "data.aws_ami.ubuntu_sa"
          ]
        }
      ]
    },
    {
      "mode": "managed",
      "type": "aws_eip",
      "name": "levpn_us",
      "provider": "provider[\"registry.terraform.io/hashicorp/aws\"].us",
      "instances": [
        {
          "schema_version": 0,
          "attributes": {
            "address": null,
            "allocation_id": "eipalloc-00bbcd116c965885a",
            "arn": "arn:aws:ec2:us-east-1:659125779559:elastic-ip/eipalloc-00bbcd116c965885a",
            "associate_with_private_ip": null,
            "association_id": "eipassoc-00b1d76ef39f9237e",
            "carrier_ip": "",
            "customer_owned_ip": "",
            "customer_owned_ipv4_pool": "",
            "domain": "vpc",
            "id": "eipalloc-00bbcd116c965885a",
            "instance": "i-034a5022767e3f419",
            "ipam_pool_id": null,
            "network_border_group": "us-east-1",
            "network_interface": "eni-0961aa89e09b70f91",
            "private_dns": "ip-172-31-42-89.ec2.internal",
            "private_ip": "172.31.42.89",
            "ptr_record": "",
            "public_dns": "ec2-98-94-249-238.compute-1.amazonaws.com",
            "public_ip": "98.94.249.238",
            "public_ipv4_pool": "amazon",
            "tags": {},
            "tags_all": {},
            "timeouts": null,
            "vpc": true
          },
          "sensitive_attributes": [],
          "identity_schema_version": 0,
          "private": "eyJlMmJmYjczMC1lY2FhLTExZTYtOGY4OC0zNDM2M2JjN2M0YzAiOnsiZGVsZXRlIjoxODAwMDAwMDAwMDAsInJlYWQiOjkwMDAwMDAwMDAwMCwidXBkYXRlIjozMDAwMDAwMDAwMDB9fQ==",
          "dependencies": [
            "aws_instance.levpn_us",
            "aws_key_pair.levpn_us",
            "aws_security_group.levpn_us",
            "data.aws_ami.ubuntu_us"
          ]
        }
      ]
    },
    {
      "mode": "managed",
      "type": "aws_instance",
      "name": "levpn_asia",
      "provider": "provider[\"registry.terraform.io/hashicorp/aws\"].asia",
      "instances": [
        {
          "schema_version": 1,
          "attributes": {
            "ami": "ami-0b63ddeab4f8a92db",
            "arn": "arn:aws:ec2:ap-southeast-1:659125779559:instance/i-0e1bdec22ae05156c",
            "associate_public_ip_address": true,
            "availability_zone": "ap-southeast-1b",
            "capacity_reservation_specification": [
              {
                "capacity_reservation_preference": "open",
                "capacity_reservation_target": []
              }
            ],
            "cpu_core_count": 1,
            "cpu_options": [
              {
                "amd_sev_snp": "",
                "core_count": 1,
                "threads_per_core": 2
              }
            ],
            "cpu_threads_per_core": 2,
            "credit_specification": [
              {
                "cpu_credits": "standard"
              }
            ],
            "disable_api_stop": false,
            "disable_api_termination": false,
            "ebs_block_device": [],
            "ebs_optimized": false,
            "enable_primary_ipv6": null,
            "enclave_options": [
              {
                "enabled": false
              }
            ],
            "ephemeral_block_device": [],
            "get_password_data": false,
            "hibernation": false,
            "host_id": "",
            "host_resource_group_arn": null,
            "iam_instance_profile": "",
            "id": "i-0e1bdec22ae05156c",
            "instance_initiated_shutdown_behavior": "stop",
            "instance_lifecycle": "",
            "instance_market_options": [],
            "instance_state": "running",
            "instance_type": "t3.micro",
            "ipv6_address_count": 0,
            "ipv6_addresses": [],
            "key_name": "levpn-key",
            "launch_template": [],
            "maintenance_options": [
              {
                "auto_recovery": "default"
              }
            ],
            "metadata_options": [
              {
                "http_endpoint": "enabled",
                "http_protocol_ipv6": "disabled",
                "http_put_response_hop_limit": 1,
                "http_tokens": "optional",
                "instance_metadata_tags": "disabled"
              }
            ],
            "monitoring": false,
            "network_interface": [],
            "outpost_arn": "",
            "password_data": "",
            "placement_group": "",
            "placement_partition_number": 0,
            "primary_network_interface_id": "eni-0c3f647e4dcee496f",
            "private_dns": "ip-172-31-31-81.ap-southeast-1.compute.internal",
            "private_dns_name_options": [
              {
                "enable_resource_name_dns_a_record": false,
                "enable_resource_name_dns_aaaa_record": false,
                "hostname_type": "ip-name"
              }
            ],
            "private_ip": "172.31.31.81",
            "public_dns": "ec2-18-143-210-43.ap-southeast-1.compute.amazonaws.com",
            "public_ip": "18.143.210.43",
            "root_block_device": [
              {
                "delete_on_termination": true,
                "device_name": "/dev/sda1",
                "encrypted": false,
                "iops": 100,
                "kms_key_id": "",
                "tags": {},
                "tags_all": {},
                "throughput": 0,
                "volume_id": "vol-002df2472e5563451",
                "volume_size": 8,
                "volume_type": "gp2"
              }
            ],
            "secondary_private_ips": [],
            "security_groups": [
              "levpn-sg"
            ],
            "source_dest_check": true,
            "spot_instance_request_id": "",
            "subnet_id": "subnet-0313155478f53e129",
            "tags": {
              "Name": "levpn-ap-southeast-1"
            },
            "tags_all": {
              "Name": "levpn-ap-southeast-1"
            },
            "tenancy": "default",
            "timeouts": null,
            "user_data": null,
            "user_data_base64": null,
            "user_data_replace_on_change": false,
            "volume_tags": null,
            "vpc_security_group_ids": [
              "sg-02c51e1de5956b37d"
            ]
          },
          "sensitive_attributes": [],
          "identity_schema_version": 0,
          "private": "eyJlMmJmYjczMC1lY2FhLTExZTYtOGY4OC0zNDM2M2JjN2M0YzAiOnsiY3JlYXRlIjo2MDAwMDAwMDAwMDAsImRlbGV0ZSI6MTIwMDAwMDAwMDAwMCwicmVhZCI6OTAwMDAwMDAwMDAwLCJ1cGRhdGUiOjYwMDAwMDAwMDAwMH0sInNjaGVtYV92ZXJzaW9uIjoiMSJ9",
          "dependencies": [
            "aws_key_pair.levpn_asia",
            "aws_security_group.levpn_asia",
            "data.aws_ami.ubuntu_asia"
          ]
        }
      ]
    },
    {
      "mode": "managed",
      "type": "aws_instance",
      "name": "levpn_eu",
      "provider": "provider[\"registry.terraform.io/hashicorp/aws\"].eu",
      "instances": [
        {
          "schema_version": 1,
          "attributes": {
            "ami": "ami-06baa42b2e92978d7",
            "arn": "arn:aws:ec2:eu-west-1:659125779559:instance/i-086b1b610c5184bd0",
            "associate_public_ip_address": true,
            "availability_zone": "eu-west-1c",
            "capacity_reservation_specification": [
              {
                "capacity_reservation_preference": "open",
                "capacity_reservation_target": []
              }
            ],
            "cpu_core_count": 1,
            "cpu_options": [
              {
                "amd_sev_snp": "",
                "core_count": 1,
                "threads_per_core": 2
              }
            ],
            "cpu_threads_per_core": 2,
            "credit_specification": [
              {
                "cpu_credits": "standard"
              }
            ],
            "disable_api_stop": false,
            "disable_api_termination": false,
            "ebs_block_device": [],
            "ebs_optimized": false,
            "enable_primary_ipv6": null,
            "enclave_options": [
              {
                "enabled": false
              }
            ],
            "ephemeral_block_device": [],
            "get_password_data": false,
            "hibernation": false,
            "host_id": "",
            "host_resource_group_arn": null,
            "iam_instance_profile": "",
            "id": "i-086b1b610c5184bd0",
            "instance_initiated_shutdown_behavior": "stop",
            "instance_lifecycle": "",
            "instance_market_options": [],
            "instance_state": "running",
            "instance_type": "t3.micro",
            "ipv6_address_count": 0,
            "ipv6_addresses": [],
            "key_name": "levpn-key",
            "launch_template": [],
            "maintenance_options": [
              {
                "auto_recovery": "default"
              }
            ],
            "metadata_options": [
              {
                "http_endpoint": "enabled",
                "http_protocol_ipv6": "disabled",
                "http_put_response_hop_limit": 1,
                "http_tokens": "optional",
                "instance_metadata_tags": "disabled"
              }
            ],
            "monitoring": false,
            "network_interface": [],
            "outpost_arn": "",
            "password_data": "",
            "placement_group": "",
            "placement_partition_number": 0,
            "primary_network_interface_id": "eni-01aae5a7ca3cf0866",
            "private_dns": "ip-172-31-12-120.eu-west-1.compute.internal",
            "private_dns_name_options": [
              {
                "enable_resource_name_dns_a_record": false,
                "enable_resource_name_dns_aaaa_record": false,
                "hostname_type": "ip-name"
              }
            ],
            "private_ip": "172.31.12.120",
            "public_dns": "ec2-54-246-209-77.eu-west-1.compute.amazonaws.com",
            "public_ip": "54.246.209.77",
            "root_block_device": [
              {
                "delete_on_termination": true,
                "device_name": "/dev/sda1",
                "encrypted": false,
                "iops": 100,
                "kms_key_id": "",
                "tags": {},
                "tags_all": {},
                "throughput": 0,
                "volume_id": "vol-06d7a95cc610aa640",
                "volume_size": 8,
                "volume_type": "gp2"
              }
            ],
            "secondary_private_ips": [],
            "security_groups": [
              "levpn-sg"
            ],
            "source_dest_check": true,
            "spot_instance_request_id": "",
            "subnet_id": "subnet-08e749a854e4fcceb",
            "tags": {
              "Name": "levpn-eu-west-1"
            },
            "tags_all": {
              "Name": "levpn-eu-west-1"
            },
            "tenancy": "default",
            "timeouts": null,
            "user_data": null,
            "user_data_base64": null,
            "user_data_replace_on_change": false,
            "volume_tags": null,
            "vpc_security_group_ids": [
              "sg-0d03b2c1ca1afd17f"
            ]
          },
          "sensitive_attributes": [],
          "identity_schema_version": 0,
          "private": "eyJlMmJmYjczMC1lY2FhLTExZTYtOGY4OC0zNDM2M2JjN2M0YzAiOnsiY3JlYXRlIjo2MDAwMDAwMDAwMDAsImRlbGV0ZSI6MTIwMDAwMDAwMDAwMCwicmVhZCI6OTAwMDAwMDAwMDAwLCJ1cGRhdGUiOjYwMDAwMDAwMDAwMH0sInNjaGVtYV92ZXJzaW9uIjoiMSJ9",
          "dependencies": [
            "aws_key_pair.levpn_eu",
            "aws_security_group.levpn_eu",
            "data.aws_ami.ubuntu_eu"
          ]
        }
      ]
    },
    {
      "mode": "managed",
      "type": "aws_instance",
      "name": "levpn_sa",
      "provider": "provider[\"registry.terraform.io/hashicorp/aws\"].sa",
      "instances": [
        {
          "schema_version": 1,
          "attributes": {
            "ami": "ami-046979544cd9e3d7b",
            "arn": "arn:aws:ec2:sa-east-1:659125779559:instance/i-0e77e8882fd8425aa",
            "associate_public_ip_address": true,
            "availability_zone": "sa-east-1c",
            "capacity_reservation_specification": [
              {
                "capacity_reservation_preference": "open",
                "capacity_reservation_target": []
              }
            ],
            "cpu_core_count": 1,
            "cpu_options": [
              {
                "amd_sev_snp": "",
                "core_count": 1,
                "threads_per_core": 2
              }
            ],
            "cpu_threads_per_core": 2,
            "credit_specification": [
              {
                "cpu_credits": "standard"
              }
            ],
            "disable_api_stop": false,
            "disable_api_termination": false,
            "ebs_block_device": [],
            "ebs_optimized": false,
            "enable_primary_ipv6": null,
            "enclave_options": [
              {
                "enabled": false
              }
            ],
            "ephemeral_block_device": [],
            "get_password_data": false,
            "hibernation": false,
            "host_id": "",
            "host_resource_group_arn": null,
            "iam_instance_profile": "",
            "id": "i-0e77e8882fd8425aa",
            "instance_initiated_shutdown_behavior": "stop",
            "instance_lifecycle": "",
            "instance_market_options": [],
            "instance_state": "running",
            "instance_type": "t3.micro",
            "ipv6_address_count": 0,
            "ipv6_addresses": [],
            "key_name": "levpn-key",
            "launch_template": [],
            "maintenance_options": [
              {
                "auto_recovery": "default"
              }
            ],
            "metadata_options": [
              {
                "http_endpoint": "enabled",
                "http_protocol_ipv6": "disabled",
                "http_put_response_hop_limit": 1,
                "http_tokens": "optional",
                "instance_metadata_tags": "disabled"
              }
            ],
            "monitoring": false,
            "network_interface": [],
            "outpost_arn": "",
            "password_data": "",
            "placement_group": "",
            "placement_partition_number": 0,
            "primary_network_interface_id": "eni-0aceb0648ba91cb59",
            "private_dns": "ip-172-31-33-119.sa-east-1.compute.internal",
            "private_dns_name_options": [
              {
                "enable_resource_name_dns_a_record": false,
                "enable_resource_name_dns_aaaa_record": false,
                "hostname_type": "ip-name"
              }
            ],
            "private_ip": "172.31.33.119",
            "public_dns": "ec2-18-228-141-239.sa-east-1.compute.amazonaws.com",
            "public_ip": "18.228.141.239",
            "root_block_device": [
              {
                "delete_on_termination": true,
                "device_name": "/dev/sda1",
                "encrypted": false,
                "iops": 100,
                "kms_key_id": "",
                "tags": {},
                "tags_all": {},
                "throughput": 0,
                "volume_id": "vol-0842c36e74d800fe4",
                "volume_size": 8,
                "volume_type": "gp2"
              }
            ],
            "secondary_private_ips": [],
            "security_groups": [
              "levpn-sg"
            ],
            "source_dest_check": true,
            "spot_instance_request_id": "",
            "subnet_id": "subnet-0892d2ce731a37a07",
            "tags": {
              "Name": "levpn-sa-east-1"
            },
            "tags_all": {
              "Name": "levpn-sa-east-1"
            },
            "tenancy": "default",
            "timeouts": null,
            "user_data": null,
            "user_data_base64": null,
            "user_data_replace_on_change": false,
            "volume_tags": null,
            "vpc_security_group_ids": [
              "sg-0448e7e93cd338921"
            ]
          },
          "sensitive_attributes": [],
          "identity_schema_version": 0,
          "private": "eyJlMmJmYjczMC1lY2FhLTExZTYtOGY4OC0zNDM2M2JjN2M0YzAiOnsiY3JlYXRlIjo2MDAwMDAwMDAwMDAsImRlbGV0ZSI6MTIwMDAwMDAwMDAwMCwicmVhZCI6OTAwMDAwMDAwMDAwLCJ1cGRhdGUiOjYwMDAwMDAwMDAwMH0sInNjaGVtYV92ZXJzaW9uIjoiMSJ9",
          "dependencies": [
            "aws_key_pair.levpn_sa",
            "aws_security_group.levpn_sa",
            "data.aws_ami.ubuntu_sa"
          ]
        }
      ]
    },
    {
      "mode": "managed",
      "type": "aws_instance",
      "name": "levpn_us",
      "provider": "provider[\"registry.terraform.io/hashicorp/aws\"].us",
      "instances": [
        {
          "schema_version": 1,
          "attributes": {
            "ami": "ami-0ff290337e78c83bf",
            "arn": "arn:aws:ec2:us-east-1:659125779559:instance/i-034a5022767e3f419",
            "associate_public_ip_address": true,
            "availability_zone": "us-east-1d",
            "capacity_reservation_specification": [
              {
                "capacity_reservation_preference": "open",
                "capacity_reservation_target": []
              }
            ],
            "cpu_core_count": 1,
            "cpu_options": [
              {
                "amd_sev_snp": "",
                "core_count": 1,
                "threads_per_core": 2
              }
            ],
            "cpu_threads_per_core": 2,
            "credit_specification": [
              {
                "cpu_credits": "unlimited"
              }
            ],
            "disable_api_stop": false,
            "disable_api_termination": false,
            "ebs_block_device": [],
            "ebs_optimized": false,
            "enable_primary_ipv6": null,
            "enclave_options": [
              {
                "enabled": false
              }
            ],
            "ephemeral_block_device": [],
            "get_password_data": false,
            "hibernation": false,
            "host_id": "",
            "host_resource_group_arn": null,
            "iam_instance_profile": "",
            "id": "i-034a5022767e3f419",
            "instance_initiated_shutdown_behavior": "stop",
            "instance_lifecycle": "",
            "instance_market_options": [],
            "instance_state": "running",
            "instance_type": "t3.micro",
            "ipv6_address_count": 0,
            "ipv6_addresses": [],
            "key_name": "levpn-key",
            "launch_template": [],
            "maintenance_options": [
              {
                "auto_recovery": "default"
              }
            ],
            "metadata_options": [
              {
                "http_endpoint": "enabled",
                "http_protocol_ipv6": "disabled",
                "http_put_response_hop_limit": 1,
                "http_tokens": "optional",
                "instance_metadata_tags": "disabled"
              }
            ],
            "monitoring": false,
            "network_interface": [],
            "outpost_arn": "",
            "password_data": "",
            "placement_group": "",
            "placement_partition_number": 0,
            "primary_network_interface_id": "eni-0961aa89e09b70f91",
            "private_dns": "ip-172-31-42-89.ec2.internal",
            "private_dns_name_options": [
              {
                "enable_resource_name_dns_a_record": false,
                "enable_resource_name_dns_aaaa_record": false,
                "hostname_type": "ip-name"
              }
            ],
            "private_ip": "172.31.42.89",
            "public_dns": "ec2-98-94-249-238.compute-1.amazonaws.com",
            "public_ip": "98.94.249.238",
            "root_block_device": [
              {
                "delete_on_termination": true,
                "device_name": "/dev/sda1",
                "encrypted": false,
                "iops": 100,
                "kms_key_id": "",
                "tags": {},
                "tags_all": {},
                "throughput": 0,
                "volume_id": "vol-0b7bb9383da77ca33",
                "volume_size": 8,
                "volume_type": "gp2"
              }
            ],
            "secondary_private_ips": [],
            "security_groups": [
              "levpn-sg"
            ],
            "source_dest_check": true,
            "spot_instance_request_id": "",
            "subnet_id": "subnet-011ff54f304817dde",
            "tags": {
              "Name": "levpn-us-east-1"
            },
            "tags_all": {
              "Name": "levpn-us-east-1"
            },
            "tenancy": "default",
            "timeouts": null,
            "user_data": null,
            "user_data_base64": null,
            "user_data_replace_on_change": false,
            "volume_tags": null,
            "vpc_security_group_ids": [
              "sg-02c5c1b6ab3d59538"
            ]
          },
          "sensitive_attributes": [],
          "identity_schema_version": 0,
          "private": "eyJlMmJmYjczMC1lY2FhLTExZTYtOGY4OC0zNDM2M2JjN2M0YzAiOnsiY3JlYXRlIjo2MDAwMDAwMDAwMDAsImRlbGV0ZSI6MTIwMDAwMDAwMDAwMCwicmVhZCI6OTAwMDAwMDAwMDAwLCJ1cGRhdGUiOjYwMDAwMDAwMDAwMH0sInNjaGVtYV92ZXJzaW9uIjoiMSJ9",
          "dependencies": [
            "aws_key_pair.levpn_us",
            "aws_security_group.levpn_us",
            "data.aws_ami.ubuntu_us"
          ]
        }
      ]
    },
    {
      "mode": "managed",
      "type": "aws_key_pair",
      "name": "levpn_asia",
      "provider": "provider[\"registry.terraform.io/hashicorp/aws\"].asia",
      "instances": [
        {
          "schema_version": 1,
          "attributes": {
            "arn": "arn:aws:ec2:ap-southeast-1:659125779559:key-pair/levpn-key",
            "fingerprint": "24:36:04:d4:84:df:60:55:61:f2:ae:ab:22:d4:c7:98",
            "id": "levpn-key",
            "key_name": "levpn-key",
            "key_name_prefix": "",
            "key_pair_id": "key-0c0bf46543d223c39",
            "key_type": "rsa",
            "public_key": "ssh-rsa AAAAB3NzaC1yc2EAAAADAQABAAACAQChKVTzLftMKCtT61xlHoklidnUXcgPd7ffDBTYDPqm/2o3D15urql/vtfcmiR/DtyFhUGTrB9foZuUpJip5OAtQsbxW55tZwaeu7svjwVA6gwQG2MLEr+AOV0TIyFyIz+IjsTGuco9MG+RhYYj+6JeolaS8WrgaqRlmrFbNv1uSB7sV45shTUYhknCXI3GPHZS2yYaj2zdL1YlIuHODyfSvZkJs+rYbSn3e+AgOYkAqXJ5Cbr/IiEcgxCupFJpv2zsk39rpPsA3ZYjHlEZ0k+BNYro1cTfhGbMCCDmbLthJTpFuuW4cuv+Zl6mUQk7bsq//xst3a+sSge7lToO0J79ieZWwAuwS5Rq+v0Mzz/WlHI8rCc8mJID3H13t4jsKhXewFT5nuyZa/1e64iRe5DDI1veWTX9tcFQfXmRgTYxIC/ZjTnm5WbKG3LzImwjQF2Ws90BdV0r/K5qhSP0CtJyHrsQ5kXq7LZ2cYPu4P9p4g5B2LxgJaz93AZoSYXnSGQ+uKHZlM5+2l077Wb+G7MLUzEpNXyoZd9Z6QMxQOuJPtl6jMDelUbwTGG5y0fxALgYdlM2Ucb+FVhw6Ee0cYB+h5oWWuB9pvER08wOWWAPbCEu+NsfKjpFBAKg/CgxnzSwl3LmmCurmv4lxp8kh8BfS6issZtsMxfFyRUh0TXrJw== aguenonn@MSI",
            "tags": {},
            "tags_all": {}
          },
          "sensitive_attributes": [],
          "identity_schema_version": 0,
          "private": "eyJzY2hlbWFfdmVyc2lvbiI6IjEifQ=="
        }
      ]
    },
    {
      "mode": "managed",
      "type": "aws_key_pair",
      "name": "levpn_eu",
      "provider": "provider[\"registry.terraform.io/hashicorp/aws\"].eu",
      "instances": [
        {
          "schema_version": 1,
          "attributes": {
            "arn": "arn:aws:ec2:eu-west-1:659125779559:key-pair/levpn-key",
            "fingerprint": "24:36:04:d4:84:df:60:55:61:f2:ae:ab:22:d4:c7:98",
            "id": "levpn-key",
            "key_name": "levpn-key",
            "key_name_prefix": "",
            "key_pair_id": "key-025245e7c0b4b34b7",
            "key_type": "rsa",
            "public_key": "ssh-rsa AAAAB3NzaC1yc2EAAAADAQABAAACAQChKVTzLftMKCtT61xlHoklidnUXcgPd7ffDBTYDPqm/2o3D15urql/vtfcmiR/DtyFhUGTrB9foZuUpJip5OAtQsbxW55tZwaeu7svjwVA6gwQG2MLEr+AOV0TIyFyIz+IjsTGuco9MG+RhYYj+6JeolaS8WrgaqRlmrFbNv1uSB7sV45shTUYhknCXI3GPHZS2yYaj2zdL1YlIuHODyfSvZkJs+rYbSn3e+AgOYkAqXJ5Cbr/IiEcgxCupFJpv2zsk39rpPsA3ZYjHlEZ0k+BNYro1cTfhGbMCCDmbLthJTpFuuW4cuv+Zl6mUQk7bsq//xst3a+sSge7lToO0J79ieZWwAuwS5Rq+v0Mzz/WlHI8rCc8mJID3H13t4jsKhXewFT5nuyZa/1e64iRe5DDI1veWTX9tcFQfXmRgTYxIC/ZjTnm5WbKG3LzImwjQF2Ws90BdV0r/K5qhSP0CtJyHrsQ5kXq7LZ2cYPu4P9p4g5B2LxgJaz93AZoSYXnSGQ+uKHZlM5+2l077Wb+G7MLUzEpNXyoZd9Z6QMxQOuJPtl6jMDelUbwTGG5y0fxALgYdlM2Ucb+FVhw6Ee0cYB+h5oWWuB9pvER08wOWWAPbCEu+NsfKjpFBAKg/CgxnzSwl3LmmCurmv4lxp8kh8BfS6issZtsMxfFyRUh0TXrJw== aguenonn@MSI",
            "tags": {},
            "tags_all": {}
          },
          "sensitive_attributes": [],
          "identity_schema_version": 0,
          "private": "eyJzY2hlbWFfdmVyc2lvbiI6IjEifQ=="
        }
      ]
    },
    {
      "mode": "managed",
      "type": "aws_key_pair",
      "name": "levpn_sa",
      "provider": "provider[\"registry.terraform.io/hashicorp/aws\"].sa",
      "instances": [
        {
          "schema_version": 1,
          "attributes": {
            "arn": "arn:aws:ec2:sa-east-1:659125779559:key-pair/levpn-key",
            "fingerprint": "24:36:04:d4:84:df:60:55:61:f2:ae:ab:22:d4:c7:98",
            "id": "levpn-key",
            "key_name": "levpn-key",
            "key_name_prefix": "",
            "key_pair_id": "key-03dcb0ebe17e209c1",
            "key_type": "rsa",
            "public_key": "ssh-rsa AAAAB3NzaC1yc2EAAAADAQABAAACAQChKVTzLftMKCtT61xlHoklidnUXcgPd7ffDBTYDPqm/2o3D15urql/vtfcmiR/DtyFhUGTrB9foZuUpJip5OAtQsbxW55tZwaeu7svjwVA6gwQG2MLEr+AOV0TIyFyIz+IjsTGuco9MG+RhYYj+6JeolaS8WrgaqRlmrFbNv1uSB7sV45shTUYhknCXI3GPHZS2yYaj2zdL1YlIuHODyfSvZkJs+rYbSn3e+AgOYkAqXJ5Cbr/IiEcgxCupFJpv2zsk39rpPsA3ZYjHlEZ0k+BNYro1cTfhGbMCCDmbLthJTpFuuW4cuv+Zl6mUQk7bsq//xst3a+sSge7lToO0J79ieZWwAuwS5Rq+v0Mzz/WlHI8rCc8mJID3H13t4jsKhXewFT5nuyZa/1e64iRe5DDI1veWTX9tcFQfXmRgTYxIC/ZjTnm5WbKG3LzImwjQF2Ws90BdV0r/K5qhSP0CtJyHrsQ5kXq7LZ2cYPu4P9p4g5B2LxgJaz93AZoSYXnSGQ+uKHZlM5+2l077Wb+G7MLUzEpNXyoZd9Z6QMxQOuJPtl6jMDelUbwTGG5y0fxALgYdlM2Ucb+FVhw6Ee0cYB+h5oWWuB9pvER08wOWWAPbCEu+NsfKjpFBAKg/CgxnzSwl3LmmCurmv4lxp8kh8BfS6issZtsMxfFyRUh0TXrJw== aguenonn@MSI",
            "tags": {},
            "tags_all": {}
          },
          "sensitive_attributes": [],
          "identity_schema_version": 0,
          "private": "eyJzY2hlbWFfdmVyc2lvbiI6IjEifQ=="
        }
      ]
    },
    {
      "mode": "managed",
      "type": "aws_key_pair",
      "name": "levpn_us",
      "provider": "provider[\"registry.terraform.io/hashicorp/aws\"].us",
      "instances": [
        {
          "schema_version": 1,
          "attributes": {
            "arn": "arn:aws:ec2:us-east-1:659125779559:key-pair/levpn-key",
            "fingerprint": "24:36:04:d4:84:df:60:55:61:f2:ae:ab:22:d4:c7:98",
            "id": "levpn-key",
            "key_name": "levpn-key",
            "key_name_prefix": "",
            "key_pair_id": "key-0a522072369423fbf",
            "key_type": "rsa",
            "public_key": "ssh-rsa AAAAB3NzaC1yc2EAAAADAQABAAACAQChKVTzLftMKCtT61xlHoklidnUXcgPd7ffDBTYDPqm/2o3D15urql/vtfcmiR/DtyFhUGTrB9foZuUpJip5OAtQsbxW55tZwaeu7svjwVA6gwQG2MLEr+AOV0TIyFyIz+IjsTGuco9MG+RhYYj+6JeolaS8WrgaqRlmrFbNv1uSB7sV45shTUYhknCXI3GPHZS2yYaj2zdL1YlIuHODyfSvZkJs+rYbSn3e+AgOYkAqXJ5Cbr/IiEcgxCupFJpv2zsk39rpPsA3ZYjHlEZ0k+BNYro1cTfhGbMCCDmbLthJTpFuuW4cuv+Zl6mUQk7bsq//xst3a+sSge7lToO0J79ieZWwAuwS5Rq+v0Mzz/WlHI8rCc8mJID3H13t4jsKhXewFT5nuyZa/1e64iRe5DDI1veWTX9tcFQfXmRgTYxIC/ZjTnm5WbKG3LzImwjQF2Ws90BdV0r/K5qhSP0CtJyHrsQ5kXq7LZ2cYPu4P9p4g5B2LxgJaz93AZoSYXnSGQ+uKHZlM5+2l077Wb+G7MLUzEpNXyoZd9Z6QMxQOuJPtl6jMDelUbwTGG5y0fxALgYdlM2Ucb+FVhw6Ee0cYB+h5oWWuB9pvER08wOWWAPbCEu+NsfKjpFBAKg/CgxnzSwl3LmmCurmv4lxp8kh8BfS6issZtsMxfFyRUh0TXrJw== aguenonn@MSI",
            "tags": {},
            "tags_all": {}
          },
          "sensitive_attributes": [],
          "identity_schema_version": 0,
          "private": "eyJzY2hlbWFfdmVyc2lvbiI6IjEifQ=="
        }
      ]
    },
    {
      "mode": "managed",
      "type": "aws_route53_record",
      "name": "asia",
      "provider": "provider[\"registry.terraform.io/hashicorp/aws\"]",
      "instances": [
        {
          "schema_version": 2,
          "attributes": {
            "alias": [],
            "allow_overwrite": null,
            "cidr_routing_policy": [],
            "failover_routing_policy": [],
            "fqdn": "asia.aguenonnvpn.com",
            "geolocation_routing_policy": [],
            "geoproximity_routing_policy": [],
            "health_check_id": "",
            "id": "Z026630417TWVV74KAM8E_asia.aguenonnvpn.com_A",
            "latency_routing_policy": [],
            "multivalue_answer_routing_policy": false,
            "name": "asia.aguenonnvpn.com",
            "records": [
              "18.143.210.43"
            ],
            "set_identifier": "",
            "timeouts": null,
            "ttl": 300,
            "type": "A",
            "weighted_routing_policy": [],
            "zone_id": "Z026630417TWVV74KAM8E"
          },
          "sensitive_attributes": [],
          "identity_schema_version": 0,
          "private": "eyJlMmJmYjczMC1lY2FhLTExZTYtOGY4OC0zNDM2M2JjN2M0YzAiOnsiY3JlYXRlIjoxODAwMDAwMDAwMDAwLCJkZWxldGUiOjE4MDAwMDAwMDAwMDAsInVwZGF0ZSI6MTgwMDAwMDAwMDAwMH0sInNjaGVtYV92ZXJzaW9uIjoiMiJ9",
          "dependencies": [
            "aws_eip.levpn_asia",
            "aws_instance.levpn_asia",
            "aws_key_pair.levpn_asia",
            "aws_route53_zone.main",
            "aws_security_group.levpn_asia",
            "data.aws_ami.ubuntu_asia"
          ]
        }
      ]
    },
    {
      "mode": "managed",
      "type": "aws_route53_record",
      "name": "eu",
      "provider": "provider[\"registry.terraform.io/hashicorp/aws\"]",
      "instances": [
        {
          "schema_version": 2,
          "attributes": {
            "alias": [],
            "allow_overwrite": null,
            "cidr_routing_policy": [],
            "failover_routing_policy": [],
            "fqdn": "eu.aguenonnvpn.com",
            "geolocation_routing_policy": [],
            "geoproximity_routing_policy": [],
            "health_check_id": "",
            "id": "Z026630417TWVV74KAM8E_eu.aguenonnvpn.com_A",
            "latency_routing_policy": [],
            "multivalue_answer_routing_policy": false,
            "name": "eu.aguenonnvpn.com",
            "records": [
              "54.246.209.77"
            ],
            "set_identifier": "",
            "timeouts": null,
            "ttl": 300,
            "type": "A",
            "weighted_routing_policy": [],
            "zone_id": "Z026630417TWVV74KAM8E"
          },
          "sensitive_attributes": [],
          "identity_schema_version": 0,
          "private": "eyJlMmJmYjczMC1lY2FhLTExZTYtOGY4OC0zNDM2M2JjN2M0YzAiOnsiY3JlYXRlIjoxODAwMDAwMDAwMDAwLCJkZWxldGUiOjE4MDAwMDAwMDAwMDAsInVwZGF0ZSI6MTgwMDAwMDAwMDAwMH0sInNjaGVtYV92ZXJzaW9uIjoiMiJ9",
          "dependencies": [
            "aws_eip.levpn_eu",
            "aws_instance.levpn_eu",
            "aws_key_pair.levpn_eu",
            "aws_route53_zone.main",
            "aws_security_group.levpn_eu",
            "data.aws_ami.ubuntu_eu"
          ]
        }
      ]
    },
    {
      "mode": "managed",
      "type": "aws_route53_record",
      "name": "sa",
      "provider": "provider[\"registry.terraform.io/hashicorp/aws\"]",
      "instances": [
        {
          "schema_version": 2,
          "attributes": {
            "alias": [],
            "allow_overwrite": null,
            "cidr_routing_policy": [],
            "failover_routing_policy": [],
            "fqdn": "sa.aguenonnvpn.com",
            "geolocation_routing_policy": [],
            "geoproximity_routing_policy": [],
            "health_check_id": "",
            "id": "Z026630417TWVV74KAM8E_sa.aguenonnvpn.com_A",
            "latency_routing_policy": [],
            "multivalue_answer_routing_policy": false,
            "name": "sa.aguenonnvpn.com",
            "records": [
              "18.228.141.239"
            ],
            "set_identifier": "",
            "timeouts": null,
            "ttl": 300,
            "type": "A",
            "weighted_routing_policy": [],
            "zone_id": "Z026630417TWVV74KAM8E"
          },
          "sensitive_attributes": [],
          "identity_schema_version": 0,
          "private": "eyJlMmJmYjczMC1lY2FhLTExZTYtOGY4OC0zNDM2M2JjN2M0YzAiOnsiY3JlYXRlIjoxODAwMDAwMDAwMDAwLCJkZWxldGUiOjE4MDAwMDAwMDAwMDAsInVwZGF0ZSI6MTgwMDAwMDAwMDAwMH0sInNjaGVtYV92ZXJzaW9uIjoiMiJ9",
          "dependencies": [
            "aws_eip.levpn_sa",
            "aws_instance.levpn_sa",
            "aws_key_pair.levpn_sa",
            "aws_route53_zone.main",
            "aws_security_group.levpn_sa",
            "data.aws_ami.ubuntu_sa"
          ]
        }
      ]
    },
    {
      "mode": "managed",
      "type": "aws_route53_record",
      "name": "us",
      "provider": "provider[\"registry.terraform.io/hashicorp/aws\"]",
      "instances": [
        {
          "schema_version": 2,
          "attributes": {
            "alias": [],
            "allow_overwrite": null,
            "cidr_routing_policy": [],
            "failover_routing_policy": [],
            "fqdn": "us.aguenonnvpn.com",
            "geolocation_routing_policy": [],
            "geoproximity_routing_policy": [],
            "health_check_id": "",
            "id": "Z026630417TWVV74KAM8E_us.aguenonnvpn.com_A",
            "latency_routing_policy": [],
            "multivalue_answer_routing_policy": false,
            "name": "us.aguenonnvpn.com",
            "records": [
              "98.94.249.238"
            ],
            "set_identifier": "",
            "timeouts": null,
            "ttl": 300,
            "type": "A",
            "weighted_routing_policy": [],
            "zone_id": "Z026630417TWVV74KAM8E"
          },
          "sensitive_attributes": [],
          "identity_schema_version": 0,
          "private": "eyJlMmJmYjczMC1lY2FhLTExZTYtOGY4OC0zNDM2M2JjN2M0YzAiOnsiY3JlYXRlIjoxODAwMDAwMDAwMDAwLCJkZWxldGUiOjE4MDAwMDAwMDAwMDAsInVwZGF0ZSI6MTgwMDAwMDAwMDAwMH0sInNjaGVtYV92ZXJzaW9uIjoiMiJ9",
          "dependencies": [
            "aws_eip.levpn_us",
            "aws_instance.levpn_us",
            "aws_key_pair.levpn_us",
            "aws_route53_zone.main",
            "aws_security_group.levpn_us",
            "data.aws_ami.ubuntu_us"
          ]
        }
      ]
    },
    {
      "mode": "managed",
      "type": "aws_route53_zone",
      "name": "main",
      "provider": "provider[\"registry.terraform.io/hashicorp/aws\"]",
      "instances": [
        {
          "schema_version": 0,
          "attributes": {
            "arn": "arn:aws:route53:::hostedzone/Z026630417TWVV74KAM8E",
            "comment": "Managed by Terraform",
            "delegation_set_id": "",
            "force_destroy": false,
            "id": "Z026630417TWVV74KAM8E",
            "name": "aguenonnvpn.com",
            "name_servers": [
              "ns-1512.awsdns-61.org",
              "ns-1981.awsdns-55.co.uk",
              "ns-23.awsdns-02.com",
              "ns-999.awsdns-60.net"
            ],
            "primary_name_server": "ns-1512.awsdns-61.org",
            "tags": {},
            "tags_all": {},
            "timeouts": null,
            "vpc": [],
            "zone_id": "Z026630417TWVV74KAM8E"
          },
          "sensitive_attributes": [],
          "identity_schema_version": 0,
          "private": "eyJlMmJmYjczMC1lY2FhLTExZTYtOGY4OC0zNDM2M2JjN2M0YzAiOnsiY3JlYXRlIjoxODAwMDAwMDAwMDAwLCJkZWxldGUiOjE4MDAwMDAwMDAwMDAsInVwZGF0ZSI6MTgwMDAwMDAwMDAwMH19"
        }
      ]
    },
    {
      "mode": "managed",
      "type": "aws_security_group",
      "name": "levpn_asia",
      "provider": "provider[\"registry.terraform.io/hashicorp/aws\"].asia",
      "instances": [
        {
          "schema_version": 1,
          "attributes": {
            "arn": "arn:aws:ec2:ap-southeast-1:659125779559:security-group/sg-02c51e1de5956b37d",
            "description": "levpn tunnel server",
            "egress": [
              {
                "cidr_blocks": [
                  "0.0.0.0/0"
                ],
                "description": "",
                "from_port": 0,
                "ipv6_cidr_blocks": [],
                "prefix_list_ids": [],
                "protocol": "-1",
                "security_groups": [],
                "self": false,
                "to_port": 0
              }
            ],
            "id": "sg-02c51e1de5956b37d",
            "ingress": [
              {
                "cidr_blocks": [
                  "0.0.0.0/0"
                ],
                "description": "",
                "from_port": 443,
                "ipv6_cidr_blocks": [],
                "prefix_list_ids": [],
                "protocol": "tcp",
                "security_groups": [],
                "self": false,
                "to_port": 443
              },
              {
                "cidr_blocks": [
                  "0.0.0.0/0"
                ],
                "description": "",
                "from_port": 80,
                "ipv6_cidr_blocks": [],
                "prefix_list_ids": [],
                "protocol": "tcp",
                "security_groups": [],
                "self": false,
                "to_port": 80
              },
              {
                "cidr_blocks": [
                  "0.0.0.0/0"
                ],
                "description": null,
                "from_port": 22,
                "ipv6_cidr_blocks": [],
                "prefix_list_ids": [],
                "protocol": "tcp",
                "security_groups": [],
                "self": false,
                "to_port": 22
              }
            ],
            "name": "levpn-sg",
            "name_prefix": "",
            "owner_id": "659125779559",
            "revoke_rules_on_delete": false,
            "tags": {},
            "tags_all": {},
            "timeouts": null,
            "vpc_id": "vpc-0ad08a02fffe08717"
          },
          "sensitive_attributes": [],
          "identity_schema_version": 0,
          "private": "eyJlMmJmYjczMC1lY2FhLTExZTYtOGY4OC0zNDM2M2JjN2M0YzAiOnsiY3JlYXRlIjo2MDAwMDAwMDAwMDAsImRlbGV0ZSI6OTAwMDAwMDAwMDAwfSwic2NoZW1hX3ZlcnNpb24iOiIxIn0="
        }
      ]
    },
    {
      "mode": "managed",
      "type": "aws_security_group",
      "name": "levpn_eu",
      "provider": "provider[\"registry.terraform.io/hashicorp/aws\"].eu",
      "instances": [
        {
          "schema_version": 1,
          "attributes": {
            "arn": "arn:aws:ec2:eu-west-1:659125779559:security-group/sg-0d03b2c1ca1afd17f",
            "description": "levpn tunnel server",
            "egress": [
              {
                "cidr_blocks": [
                  "0.0.0.0/0"
                ],
                "description": "",
                "from_port": 0,
                "ipv6_cidr_blocks": [],
                "prefix_list_ids": [],
                "protocol": "-1",
                "security_groups": [],
                "self": false,
                "to_port": 0
              }
            ],
            "id": "sg-0d03b2c1ca1afd17f",
            "ingress": [
              {
                "cidr_blocks": [
                  "0.0.0.0/0"
                ],
                "description": "",
                "from_port": 443,
                "ipv6_cidr_blocks": [],
                "prefix_list_ids": [],
                "protocol": "tcp",
                "security_groups": [],
                "self": false,
                "to_port": 443
              },
              {
                "cidr_blocks": [
                  "0.0.0.0/0"
                ],
                "description": "",
                "from_port": 80,
                "ipv6_cidr_blocks": [],
                "prefix_list_ids": [],
                "protocol": "tcp",
                "security_groups": [],
                "self": false,
                "to_port": 80
              },
              {
                "cidr_blocks": [
                  "0.0.0.0/0"
                ],
                "description": null,
                "from_port": 22,
                "ipv6_cidr_blocks": [],
                "prefix_list_ids": [],
                "protocol": "tcp",
                "security_groups": [],
                "self": false,
                "to_port": 22
              }
            ],
            "name": "levpn-sg",
            "name_prefix": "",
            "owner_id": "659125779559",
            "revoke_rules_on_delete": false,
            "tags": {},
            "tags_all": {},
            "timeouts": null,
            "vpc_id": "vpc-0fda0984c0d4849c9"
          },
          "sensitive_attributes": [],
          "identity_schema_version": 0,
          "private": "eyJlMmJmYjczMC1lY2FhLTExZTYtOGY4OC0zNDM2M2JjN2M0YzAiOnsiY3JlYXRlIjo2MDAwMDAwMDAwMDAsImRlbGV0ZSI6OTAwMDAwMDAwMDAwfSwic2NoZW1hX3ZlcnNpb24iOiIxIn0="
        }
      ]
    },
    {
      "mode": "managed",
      "type": "aws_security_group",
      "name": "levpn_sa",
      "provider": "provider[\"registry.terraform.io/hashicorp/aws\"].sa",
      "instances": [
        {
          "schema_version": 1,
          "attributes": {
            "arn": "arn:aws:ec2:sa-east-1:659125779559:security-group/sg-0448e7e93cd338921",
            "description": "levpn tunnel server",
            "egress": [
              {
                "cidr_blocks": [
                  "0.0.0.0/0"
                ],
                "description": "",
                "from_port": 0,
                "ipv6_cidr_blocks": [],
                "prefix_list_ids": [],
                "protocol": "-1",
                "security_groups": [],
                "self": false,
                "to_port": 0
              }
            ],
            "id": "sg-0448e7e93cd338921",
            "ingress": [
              {
                "cidr_blocks": [
                  "0.0.0.0/0"
                ],
                "description": "",
                "from_port": 443,
                "ipv6_cidr_blocks": [],
                "prefix_list_ids": [],
                "protocol": "tcp",
                "security_groups": [],
                "self": false,
                "to_port": 443
              },
              {
                "cidr_blocks": [
                  "0.0.0.0/0"
                ],
                "description": "",
                "from_port": 80,
                "ipv6_cidr_blocks": [],
                "prefix_list_ids": [],
                "protocol": "tcp",
                "security_groups": [],
                "self": false,
                "to_port": 80
              },
              {
                "cidr_blocks": [
                  "0.0.0.0/0"
                ],
                "description": null,
                "from_port": 22,
                "ipv6_cidr_blocks": [],
                "prefix_list_ids": [],
                "protocol": "tcp",
                "security_groups": [],
                "self": false,
                "to_port": 22
              }
            ],
            "name": "levpn-sg",
            "name_prefix": "",
            "owner_id": "659125779559",
            "revoke_rules_on_delete": false,
            "tags": {},
            "tags_all": {},
            "timeouts": null,
            "vpc_id": "vpc-08352aee40386c19e"
          },
          "sensitive_attributes": [],
          "identity_schema_version": 0,
          "private": "eyJlMmJmYjczMC1lY2FhLTExZTYtOGY4OC0zNDM2M2JjN2M0YzAiOnsiY3JlYXRlIjo2MDAwMDAwMDAwMDAsImRlbGV0ZSI6OTAwMDAwMDAwMDAwfSwic2NoZW1hX3ZlcnNpb24iOiIxIn0="
        }
      ]
    },
    {
      "mode": "managed",
      "type": "aws_security_group",
      "name": "levpn_us",
      "provider": "provider[\"registry.terraform.io/hashicorp/aws\"].us",
      "instances": [
        {
          "schema_version": 1,
          "attributes": {
            "arn": "arn:aws:ec2:us-east-1:659125779559:security-group/sg-02c5c1b6ab3d59538",
            "description": "levpn tunnel server",
            "egress": [
              {
                "cidr_blocks": [
                  "0.0.0.0/0"
                ],
                "description": "",
                "from_port": 0,
                "ipv6_cidr_blocks": [],
                "prefix_list_ids": [],
                "protocol": "-1",
                "security_groups": [],
                "self": false,
                "to_port": 0
              }
            ],
            "id": "sg-02c5c1b6ab3d59538",
            "ingress": [
              {
                "cidr_blocks": [
                  "0.0.0.0/0"
                ],
                "description": "",
                "from_port": 443,
                "ipv6_cidr_blocks": [],
                "prefix_list_ids": [],
                "protocol": "tcp",
                "security_groups": [],
                "self": false,
                "to_port": 443
              },
              {
                "cidr_blocks": [
                  "0.0.0.0/0"
                ],
                "description": "",
                "from_port": 80,
                "ipv6_cidr_blocks": [],
                "prefix_list_ids": [],
                "protocol": "tcp",
                "security_groups": [],
                "self": false,
                "to_port": 80
              },
              {
                "cidr_blocks": [
                  "0.0.0.0/0"
                ],
                "description": null,
                "from_port": 22,
                "ipv6_cidr_blocks": [],
                "prefix_list_ids": [],
                "protocol": "tcp",
                "security_groups": [],
                "self": false,
                "to_port": 22
              }
            ],
            "name": "levpn-sg",
            "name_prefix": "",
            "owner_id": "659125779559",
            "revoke_rules_on_delete": false,
            "tags": {},
            "tags_all": {},
            "timeouts": null,
            "vpc_id": "vpc-0ce337661ee8f7dee"
          },
          "sensitive_attributes": [],
          "identity_schema_version": 0,
          "private": "eyJlMmJmYjczMC1lY2FhLTExZTYtOGY4OC0zNDM2M2JjN2M0YzAiOnsiY3JlYXRlIjo2MDAwMDAwMDAwMDAsImRlbGV0ZSI6OTAwMDAwMDAwMDAwfSwic2NoZW1hX3ZlcnNpb24iOiIxIn0="
        }
      ]
    }
  ],
  "check_results": null
}
